
Microsoft Visual Studio Solution File, Format Version 11.00
# Visual C# Express 2010
Project("{FAE04EC0-301F-11D3-BF4B-00C04F79EFBC}") = "ArregloRegistro", "ArregloRegistro\ArregloRegistro.csproj", "{238AA3B3-F87E-498F-893C-8BA460420C2D}"
EndProject
Global
	GlobalSection(SolutionConfigurationPlatforms) = preSolution
		Debug|x86 = Debug|x86
		Release|x86 = Release|x86
	EndGlobalSection
	GlobalSection(ProjectConfigurationPlatforms) = postSolution
		{238AA3B3-F87E-498F-893C-8BA460420C2D}.Debug|x86.ActiveCfg = Debug|x86
		{238AA3B3-F87E-498F-893C-8BA460420C2D}.Debug|x86.Build.0 = Debug|x86
		{238AA3B3-F87E-498F-893C-8BA460420C2D}.Release|x86.ActiveCfg = Release|x86
		{238AA3B3-F87E-498F-893C-8BA460420C2D}.Release|x86.Build.0 = Release|x86
	EndGlobalSection
	GlobalSection(SolutionProperties) = preSolution
		HideSolutionNode = FALSE
	EndGlobalSection
EndGlobal
